// !$*UTF8*$!
{
	archiveVersion = 1;
	classes = {
	};
	objectVersion = 56;
	objects = {

/* Begin PBXBuildFile section */
		01FF371D2C3E8FFE004F5F3A /* AppDelegate.swift in Sources */ = {isa = PBXBuildFile; fileRef = 01FF371C2C3E8FFE004F5F3A /* AppDelegate.swift */; };
		01FF371F2C3E8FFE004F5F3A /* SceneDelegate.swift in Sources */ = {isa = PBXBuildFile; fileRef = 01FF371E2C3E8FFE004F5F3A /* SceneDelegate.swift */; };
		01FF37212C3E8FFE004F5F3A /* MainWeatherViewController.swift in Sources */ = {isa = PBXBuildFile; fileRef = 01FF37202C3E8FFE004F5F3A /* MainWeatherViewController.swift */; };
		01FF37262C3E8FFF004F5F3A /* Assets.xcassets in Resources */ = {isa = PBXBuildFile; fileRef = 01FF37252C3E8FFF004F5F3A /* Assets.xcassets */; };
		01FF37292C3E8FFF004F5F3A /* Base in Resources */ = {isa = PBXBuildFile; fileRef = 01FF37282C3E8FFF004F5F3A /* Base */; };
		01FF37372C3E93A5004F5F3A /* BaseViewController.swift in Sources */ = {isa = PBXBuildFile; fileRef = 01FF37362C3E93A5004F5F3A /* BaseViewController.swift */; };
		01FF37392C3E93DF004F5F3A /* BaseView.swift in Sources */ = {isa = PBXBuildFile; fileRef = 01FF37382C3E93DF004F5F3A /* BaseView.swift */; };
		01FF373B2C3E941B004F5F3A /* BaseTableViewCell.swift in Sources */ = {isa = PBXBuildFile; fileRef = 01FF373A2C3E941B004F5F3A /* BaseTableViewCell.swift */; };
		01FF373D2C3E9430004F5F3A /* BaseCollectionViewCell.swift in Sources */ = {isa = PBXBuildFile; fileRef = 01FF373C2C3E9430004F5F3A /* BaseCollectionViewCell.swift */; };
		01FF373F2C3E979B004F5F3A /* MainWeatherView.swift in Sources */ = {isa = PBXBuildFile; fileRef = 01FF373E2C3E979B004F5F3A /* MainWeatherView.swift */; };
		01FF37422C3E9872004F5F3A /* Alamofire in Frameworks */ = {isa = PBXBuildFile; productRef = 01FF37412C3E9872004F5F3A /* Alamofire */; };
		01FF37452C3E987E004F5F3A /* SnapKit in Frameworks */ = {isa = PBXBuildFile; productRef = 01FF37442C3E987E004F5F3A /* SnapKit */; };
		01FF37472C3E9E2C004F5F3A /* MainWeatherViewModel.swift in Sources */ = {isa = PBXBuildFile; fileRef = 01FF37462C3E9E2C004F5F3A /* MainWeatherViewModel.swift */; };
		01FF37492C3E9E9F004F5F3A /* .gitignore in Resources */ = {isa = PBXBuildFile; fileRef = 01FF37482C3E9E9F004F5F3A /* .gitignore */; };
		01FF374B2C3EA004004F5F3A /* APIKey.swift in Sources */ = {isa = PBXBuildFile; fileRef = 01FF374A2C3EA004004F5F3A /* APIKey.swift */; };
		01FF374E2C3EA1CF004F5F3A /* WeatherAPI.swift in Sources */ = {isa = PBXBuildFile; fileRef = 01FF374D2C3EA1CF004F5F3A /* WeatherAPI.swift */; };
		01FF37512C3EA33E004F5F3A /* Observable.swift in Sources */ = {isa = PBXBuildFile; fileRef = 01FF37502C3EA33E004F5F3A /* Observable.swift */; };
		01FF37542C3ECD7C004F5F3A /* CurrentWeather.swift in Sources */ = {isa = PBXBuildFile; fileRef = 01FF37532C3ECD7C004F5F3A /* CurrentWeather.swift */; };
		01FF37632C402819004F5F3A /* LocationManager.swift in Sources */ = {isa = PBXBuildFile; fileRef = 01FF37622C402819004F5F3A /* LocationManager.swift */; };
		01FF37652C4259DB004F5F3A /* ThreeHoursCollectionViewCell.swift in Sources */ = {isa = PBXBuildFile; fileRef = 01FF37642C4259DB004F5F3A /* ThreeHoursCollectionViewCell.swift */; };
		01FF37672C4264A3004F5F3A /* Forecast.swift in Sources */ = {isa = PBXBuildFile; fileRef = 01FF37662C4264A3004F5F3A /* Forecast.swift */; };
		01FF376A2C427257004F5F3A /* Kingfisher in Frameworks */ = {isa = PBXBuildFile; productRef = 01FF37692C427257004F5F3A /* Kingfisher */; };
		01FF376C2C4278A5004F5F3A /* FiveDaysTableViewCell.swift in Sources */ = {isa = PBXBuildFile; fileRef = 01FF376B2C4278A5004F5F3A /* FiveDaysTableViewCell.swift */; };
		01FF376F2C43B2B7004F5F3A /* CitySearchViewController.swift in Sources */ = {isa = PBXBuildFile; fileRef = 01FF376E2C43B2B7004F5F3A /* CitySearchViewController.swift */; };
		01FF37712C43B3E4004F5F3A /* DetailWeatherCollectionViewCell.swift in Sources */ = {isa = PBXBuildFile; fileRef = 01FF37702C43B3E4004F5F3A /* DetailWeatherCollectionViewCell.swift */; };
		01FF37732C441B48004F5F3A /* CityList.json in Resources */ = {isa = PBXBuildFile; fileRef = 01FF37722C441B48004F5F3A /* CityList.json */; };
		01FF37752C441B86004F5F3A /* JSONParser.swift in Sources */ = {isa = PBXBuildFile; fileRef = 01FF37742C441B86004F5F3A /* JSONParser.swift */; };
		01FF37772C441B98004F5F3A /* City.swift in Sources */ = {isa = PBXBuildFile; fileRef = 01FF37762C441B98004F5F3A /* City.swift */; };
		01FF37792C441D17004F5F3A /* CitySearchViewModel.swift in Sources */ = {isa = PBXBuildFile; fileRef = 01FF37782C441D17004F5F3A /* CitySearchViewModel.swift */; };
/* End PBXBuildFile section */

/* Begin PBXFileReference section */
		01FF37192C3E8FFE004F5F3A /* OpenWeatherMVVM.app */ = {isa = PBXFileReference; explicitFileType = wrapper.application; includeInIndex = 0; path = OpenWeatherMVVM.app; sourceTree = BUILT_PRODUCTS_DIR; };
		01FF371C2C3E8FFE004F5F3A /* AppDelegate.swift */ = {isa = PBXFileReference; lastKnownFileType = sourcecode.swift; path = AppDelegate.swift; sourceTree = "<group>"; };
		01FF371E2C3E8FFE004F5F3A /* SceneDelegate.swift */ = {isa = PBXFileReference; lastKnownFileType = sourcecode.swift; path = SceneDelegate.swift; sourceTree = "<group>"; };
		01FF37202C3E8FFE004F5F3A /* MainWeatherViewController.swift */ = {isa = PBXFileReference; lastKnownFileType = sourcecode.swift; path = MainWeatherViewController.swift; sourceTree = "<group>"; };
		01FF37252C3E8FFF004F5F3A /* Assets.xcassets */ = {isa = PBXFileReference; lastKnownFileType = folder.assetcatalog; path = Assets.xcassets; sourceTree = "<group>"; };
		01FF37282C3E8FFF004F5F3A /* Base */ = {isa = PBXFileReference; lastKnownFileType = file.storyboard; name = Base; path = Base.lproj/LaunchScreen.storyboard; sourceTree = "<group>"; };
		01FF372A2C3E8FFF004F5F3A /* Info.plist */ = {isa = PBXFileReference; lastKnownFileType = text.plist.xml; path = Info.plist; sourceTree = "<group>"; };
		01FF37362C3E93A5004F5F3A /* BaseViewController.swift */ = {isa = PBXFileReference; lastKnownFileType = sourcecode.swift; path = BaseViewController.swift; sourceTree = "<group>"; };
		01FF37382C3E93DF004F5F3A /* BaseView.swift */ = {isa = PBXFileReference; lastKnownFileType = sourcecode.swift; path = BaseView.swift; sourceTree = "<group>"; };
		01FF373A2C3E941B004F5F3A /* BaseTableViewCell.swift */ = {isa = PBXFileReference; lastKnownFileType = sourcecode.swift; path = BaseTableViewCell.swift; sourceTree = "<group>"; };
		01FF373C2C3E9430004F5F3A /* BaseCollectionViewCell.swift */ = {isa = PBXFileReference; lastKnownFileType = sourcecode.swift; path = BaseCollectionViewCell.swift; sourceTree = "<group>"; };
		01FF373E2C3E979B004F5F3A /* MainWeatherView.swift */ = {isa = PBXFileReference; lastKnownFileType = sourcecode.swift; path = MainWeatherView.swift; sourceTree = "<group>"; };
		01FF37462C3E9E2C004F5F3A /* MainWeatherViewModel.swift */ = {isa = PBXFileReference; lastKnownFileType = sourcecode.swift; path = MainWeatherViewModel.swift; sourceTree = "<group>"; };
		01FF37482C3E9E9F004F5F3A /* .gitignore */ = {isa = PBXFileReference; lastKnownFileType = text; path = .gitignore; sourceTree = "<group>"; };
		01FF374A2C3EA004004F5F3A /* APIKey.swift */ = {isa = PBXFileReference; lastKnownFileType = sourcecode.swift; path = APIKey.swift; sourceTree = "<group>"; };
		01FF374D2C3EA1CF004F5F3A /* WeatherAPI.swift */ = {isa = PBXFileReference; lastKnownFileType = sourcecode.swift; path = WeatherAPI.swift; sourceTree = "<group>"; };
		01FF37502C3EA33E004F5F3A /* Observable.swift */ = {isa = PBXFileReference; lastKnownFileType = sourcecode.swift; path = Observable.swift; sourceTree = "<group>"; };
		01FF37532C3ECD7C004F5F3A /* CurrentWeather.swift */ = {isa = PBXFileReference; lastKnownFileType = sourcecode.swift; path = CurrentWeather.swift; sourceTree = "<group>"; };
		01FF37622C402819004F5F3A /* LocationManager.swift */ = {isa = PBXFileReference; lastKnownFileType = sourcecode.swift; path = LocationManager.swift; sourceTree = "<group>"; };
		01FF37642C4259DB004F5F3A /* ThreeHoursCollectionViewCell.swift */ = {isa = PBXFileReference; lastKnownFileType = sourcecode.swift; path = ThreeHoursCollectionViewCell.swift; sourceTree = "<group>"; };
		01FF37662C4264A3004F5F3A /* Forecast.swift */ = {isa = PBXFileReference; lastKnownFileType = sourcecode.swift; path = Forecast.swift; sourceTree = "<group>"; };
		01FF376B2C4278A5004F5F3A /* FiveDaysTableViewCell.swift */ = {isa = PBXFileReference; lastKnownFileType = sourcecode.swift; path = FiveDaysTableViewCell.swift; sourceTree = "<group>"; };
		01FF376E2C43B2B7004F5F3A /* CitySearchViewController.swift */ = {isa = PBXFileReference; lastKnownFileType = sourcecode.swift; path = CitySearchViewController.swift; sourceTree = "<group>"; };
		01FF37702C43B3E4004F5F3A /* DetailWeatherCollectionViewCell.swift */ = {isa = PBXFileReference; lastKnownFileType = sourcecode.swift; path = DetailWeatherCollectionViewCell.swift; sourceTree = "<group>"; };
		01FF37722C441B48004F5F3A /* CityList.json */ = {isa = PBXFileReference; fileEncoding = 4; lastKnownFileType = text.json; path = CityList.json; sourceTree = "<group>"; };
		01FF37742C441B86004F5F3A /* JSONParser.swift */ = {isa = PBXFileReference; lastKnownFileType = sourcecode.swift; path = JSONParser.swift; sourceTree = "<group>"; };
		01FF37762C441B98004F5F3A /* City.swift */ = {isa = PBXFileReference; lastKnownFileType = sourcecode.swift; path = City.swift; sourceTree = "<group>"; };
		01FF37782C441D17004F5F3A /* CitySearchViewModel.swift */ = {isa = PBXFileReference; lastKnownFileType = sourcecode.swift; path = CitySearchViewModel.swift; sourceTree = "<group>"; };
/* End PBXFileReference section */

/* Begin PBXFrameworksBuildPhase section */
		01FF37162C3E8FFE004F5F3A /* Frameworks */ = {
			isa = PBXFrameworksBuildPhase;
			buildActionMask = 2147483647;
			files = (
				01FF376A2C427257004F5F3A /* Kingfisher in Frameworks */,
				01FF37422C3E9872004F5F3A /* Alamofire in Frameworks */,
				01FF37452C3E987E004F5F3A /* SnapKit in Frameworks */,
			);
			runOnlyForDeploymentPostprocessing = 0;
		};
/* End PBXFrameworksBuildPhase section */

/* Begin PBXGroup section */
		01FF37102C3E8FFE004F5F3A = {
			isa = PBXGroup;
			children = (
				01FF37482C3E9E9F004F5F3A /* .gitignore */,
				01FF371B2C3E8FFE004F5F3A /* OpenWeatherMVVM */,
				01FF371A2C3E8FFE004F5F3A /* Products */,
			);
			sourceTree = "<group>";
		};
		01FF371A2C3E8FFE004F5F3A /* Products */ = {
			isa = PBXGroup;
			children = (
				01FF37192C3E8FFE004F5F3A /* OpenWeatherMVVM.app */,
			);
			name = Products;
			sourceTree = "<group>";
		};
		01FF371B2C3E8FFE004F5F3A /* OpenWeatherMVVM */ = {
			isa = PBXGroup;
			children = (
				01FF372A2C3E8FFF004F5F3A /* Info.plist */,
				01FF37312C3E9165004F5F3A /* Sources */,
				01FF37302C3E9159004F5F3A /* Resources */,
				01FF374A2C3EA004004F5F3A /* APIKey.swift */,
			);
			path = OpenWeatherMVVM;
			sourceTree = "<group>";
		};
		01FF37302C3E9159004F5F3A /* Resources */ = {
			isa = PBXGroup;
			children = (
				01FF37722C441B48004F5F3A /* CityList.json */,
				01FF37252C3E8FFF004F5F3A /* Assets.xcassets */,
				01FF37272C3E8FFF004F5F3A /* LaunchScreen.storyboard */,
			);
			path = Resources;
			sourceTree = "<group>";
		};
		01FF37312C3E9165004F5F3A /* Sources */ = {
			isa = PBXGroup;
			children = (
				01FF37322C3E91CA004F5F3A /* Application */,
				01FF37522C3EA561004F5F3A /* Model */,
				01FF374F2C3EA322004F5F3A /* Util */,
				01FF374C2C3EA1A9004F5F3A /* Network */,
				01FF37332C3E91F2004F5F3A /* Presentation */,
			);
			path = Sources;
			sourceTree = "<group>";
		};
		01FF37322C3E91CA004F5F3A /* Application */ = {
			isa = PBXGroup;
			children = (
				01FF371C2C3E8FFE004F5F3A /* AppDelegate.swift */,
				01FF371E2C3E8FFE004F5F3A /* SceneDelegate.swift */,
			);
			path = Application;
			sourceTree = "<group>";
		};
		01FF37332C3E91F2004F5F3A /* Presentation */ = {
			isa = PBXGroup;
			children = (
				01FF37352C3E937B004F5F3A /* Base */,
				01FF37342C3E9211004F5F3A /* Main */,
				01FF376D2C43B29B004F5F3A /* Map */,
			);
			path = Presentation;
			sourceTree = "<group>";
		};
		01FF37342C3E9211004F5F3A /* Main */ = {
			isa = PBXGroup;
			children = (
				01FF37202C3E8FFE004F5F3A /* MainWeatherViewController.swift */,
				01FF373E2C3E979B004F5F3A /* MainWeatherView.swift */,
				01FF37462C3E9E2C004F5F3A /* MainWeatherViewModel.swift */,
				01FF37642C4259DB004F5F3A /* ThreeHoursCollectionViewCell.swift */,
				01FF376B2C4278A5004F5F3A /* FiveDaysTableViewCell.swift */,
				01FF37702C43B3E4004F5F3A /* DetailWeatherCollectionViewCell.swift */,
			);
			path = Main;
			sourceTree = "<group>";
		};
		01FF37352C3E937B004F5F3A /* Base */ = {
			isa = PBXGroup;
			children = (
				01FF37362C3E93A5004F5F3A /* BaseViewController.swift */,
				01FF37382C3E93DF004F5F3A /* BaseView.swift */,
				01FF373A2C3E941B004F5F3A /* BaseTableViewCell.swift */,
				01FF373C2C3E9430004F5F3A /* BaseCollectionViewCell.swift */,
			);
			path = Base;
			sourceTree = "<group>";
		};
		01FF374C2C3EA1A9004F5F3A /* Network */ = {
			isa = PBXGroup;
			children = (
				01FF374D2C3EA1CF004F5F3A /* WeatherAPI.swift */,
			);
			path = Network;
			sourceTree = "<group>";
		};
		01FF374F2C3EA322004F5F3A /* Util */ = {
			isa = PBXGroup;
			children = (
				01FF37502C3EA33E004F5F3A /* Observable.swift */,
				01FF37622C402819004F5F3A /* LocationManager.swift */,
				01FF37742C441B86004F5F3A /* JSONParser.swift */,
			);
			path = Util;
			sourceTree = "<group>";
		};
		01FF37522C3EA561004F5F3A /* Model */ = {
			isa = PBXGroup;
			children = (
				01FF37532C3ECD7C004F5F3A /* CurrentWeather.swift */,
				01FF37662C4264A3004F5F3A /* Forecast.swift */,
				01FF37762C441B98004F5F3A /* City.swift */,
			);
			path = Model;
			sourceTree = "<group>";
		};
		01FF376D2C43B29B004F5F3A /* Map */ = {
			isa = PBXGroup;
			children = (
				01FF376E2C43B2B7004F5F3A /* CitySearchViewController.swift */,
				01FF37782C441D17004F5F3A /* CitySearchViewModel.swift */,
			);
			path = Map;
			sourceTree = "<group>";
		};
/* End PBXGroup section */

/* Begin PBXNativeTarget section */
		01FF37182C3E8FFE004F5F3A /* OpenWeatherMVVM */ = {
			isa = PBXNativeTarget;
			buildConfigurationList = 01FF372D2C3E8FFF004F5F3A /* Build configuration list for PBXNativeTarget "OpenWeatherMVVM" */;
			buildPhases = (
				01FF37152C3E8FFE004F5F3A /* Sources */,
				01FF37162C3E8FFE004F5F3A /* Frameworks */,
				01FF37172C3E8FFE004F5F3A /* Resources */,
			);
			buildRules = (
			);
			dependencies = (
			);
			name = OpenWeatherMVVM;
			packageProductDependencies = (
				01FF37412C3E9872004F5F3A /* Alamofire */,
				01FF37442C3E987E004F5F3A /* SnapKit */,
				01FF37692C427257004F5F3A /* Kingfisher */,
			);
			productName = OpenWeatherMVVM;
			productReference = 01FF37192C3E8FFE004F5F3A /* OpenWeatherMVVM.app */;
			productType = "com.apple.product-type.application";
		};
/* End PBXNativeTarget section */

/* Begin PBXProject section */
		01FF37112C3E8FFE004F5F3A /* Project object */ = {
			isa = PBXProject;
			attributes = {
				BuildIndependentTargetsInParallel = 1;
				LastSwiftUpdateCheck = 1530;
				LastUpgradeCheck = 1530;
				TargetAttributes = {
					01FF37182C3E8FFE004F5F3A = {
						CreatedOnToolsVersion = 15.3;
					};
				};
			};
			buildConfigurationList = 01FF37142C3E8FFE004F5F3A /* Build configuration list for PBXProject "OpenWeatherMVVM" */;
			compatibilityVersion = "Xcode 14.0";
			developmentRegion = en;
			hasScannedForEncodings = 0;
			knownRegions = (
				en,
				Base,
			);
			mainGroup = 01FF37102C3E8FFE004F5F3A;
			packageReferences = (
				01FF37402C3E9872004F5F3A /* XCRemoteSwiftPackageReference "Alamofire" */,
				01FF37432C3E987E004F5F3A /* XCRemoteSwiftPackageReference "SnapKit" */,
				01FF37682C427257004F5F3A /* XCRemoteSwiftPackageReference "Kingfisher" */,
			);
			productRefGroup = 01FF371A2C3E8FFE004F5F3A /* Products */;
			projectDirPath = "";
			projectRoot = "";
			targets = (
				01FF37182C3E8FFE004F5F3A /* OpenWeatherMVVM */,
			);
		};
/* End PBXProject section */

/* Begin PBXResourcesBuildPhase section */
		01FF37172C3E8FFE004F5F3A /* Resources */ = {
			isa = PBXResourcesBuildPhase;
			buildActionMask = 2147483647;
			files = (
				01FF37262C3E8FFF004F5F3A /* Assets.xcassets in Resources */,
				01FF37492C3E9E9F004F5F3A /* .gitignore in Resources */,
				01FF37732C441B48004F5F3A /* CityList.json in Resources */,
				01FF37292C3E8FFF004F5F3A /* Base in Resources */,
			);
			runOnlyForDeploymentPostprocessing = 0;
		};
/* End PBXResourcesBuildPhase section */

/* Begin PBXSourcesBuildPhase section */
		01FF37152C3E8FFE004F5F3A /* Sources */ = {
			isa = PBXSourcesBuildPhase;
			buildActionMask = 2147483647;
			files = (
				01FF37672C4264A3004F5F3A /* Forecast.swift in Sources */,
				01FF374E2C3EA1CF004F5F3A /* WeatherAPI.swift in Sources */,
				01FF373F2C3E979B004F5F3A /* MainWeatherView.swift in Sources */,
				01FF37652C4259DB004F5F3A /* ThreeHoursCollectionViewCell.swift in Sources */,
				01FF37632C402819004F5F3A /* LocationManager.swift in Sources */,
				01FF37712C43B3E4004F5F3A /* DetailWeatherCollectionViewCell.swift in Sources */,
				01FF37752C441B86004F5F3A /* JSONParser.swift in Sources */,
				01FF37542C3ECD7C004F5F3A /* CurrentWeather.swift in Sources */,
				01FF376C2C4278A5004F5F3A /* FiveDaysTableViewCell.swift in Sources */,
				01FF37212C3E8FFE004F5F3A /* MainWeatherViewController.swift in Sources */,
				01FF373D2C3E9430004F5F3A /* BaseCollectionViewCell.swift in Sources */,
				01FF37512C3EA33E004F5F3A /* Observable.swift in Sources */,
				01FF37372C3E93A5004F5F3A /* BaseViewController.swift in Sources */,
				01FF374B2C3EA004004F5F3A /* APIKey.swift in Sources */,
				01FF37392C3E93DF004F5F3A /* BaseView.swift in Sources */,
				01FF37792C441D17004F5F3A /* CitySearchViewModel.swift in Sources */,
				01FF376F2C43B2B7004F5F3A /* CitySearchViewController.swift in Sources */,
				01FF37472C3E9E2C004F5F3A /* MainWeatherViewModel.swift in Sources */,
				01FF371D2C3E8FFE004F5F3A /* AppDelegate.swift in Sources */,
				01FF373B2C3E941B004F5F3A /* BaseTableViewCell.swift in Sources */,
				01FF371F2C3E8FFE004F5F3A /* SceneDelegate.swift in Sources */,
				01FF37772C441B98004F5F3A /* City.swift in Sources */,
			);
			runOnlyForDeploymentPostprocessing = 0;
		};
/* End PBXSourcesBuildPhase section */

/* Begin PBXVariantGroup section */
		01FF37272C3E8FFF004F5F3A /* LaunchScreen.storyboard */ = {
			isa = PBXVariantGroup;
			children = (
				01FF37282C3E8FFF004F5F3A /* Base */,
			);
			name = LaunchScreen.storyboard;
			sourceTree = "<group>";
		};
/* End PBXVariantGroup section */

/* Begin XCBuildConfiguration section */
		01FF372B2C3E8FFF004F5F3A /* Debug */ = {
			isa = XCBuildConfiguration;
			buildSettings = {
				ALWAYS_SEARCH_USER_PATHS = NO;
				ASSETCATALOG_COMPILER_GENERATE_SWIFT_ASSET_SYMBOL_EXTENSIONS = YES;
				CLANG_ANALYZER_NONNULL = YES;
				CLANG_ANALYZER_NUMBER_OBJECT_CONVERSION = YES_AGGRESSIVE;
				CLANG_CXX_LANGUAGE_STANDARD = "gnu++20";
				CLANG_ENABLE_MODULES = YES;
				CLANG_ENABLE_OBJC_ARC = YES;
				CLANG_ENABLE_OBJC_WEAK = YES;
				CLANG_WARN_BLOCK_CAPTURE_AUTORELEASING = YES;
				CLANG_WARN_BOOL_CONVERSION = YES;
				CLANG_WARN_COMMA = YES;
				CLANG_WARN_CONSTANT_CONVERSION = YES;
				CLANG_WARN_DEPRECATED_OBJC_IMPLEMENTATIONS = YES;
				CLANG_WARN_DIRECT_OBJC_ISA_USAGE = YES_ERROR;
				CLANG_WARN_DOCUMENTATION_COMMENTS = YES;
				CLANG_WARN_EMPTY_BODY = YES;
				CLANG_WARN_ENUM_CONVERSION = YES;
				CLANG_WARN_INFINITE_RECURSION = YES;
				CLANG_WARN_INT_CONVERSION = YES;
				CLANG_WARN_NON_LITERAL_NULL_CONVERSION = YES;
				CLANG_WARN_OBJC_IMPLICIT_RETAIN_SELF = YES;
				CLANG_WARN_OBJC_LITERAL_CONVERSION = YES;
				CLANG_WARN_OBJC_ROOT_CLASS = YES_ERROR;
				CLANG_WARN_QUOTED_INCLUDE_IN_FRAMEWORK_HEADER = YES;
				CLANG_WARN_RANGE_LOOP_ANALYSIS = YES;
				CLANG_WARN_STRICT_PROTOTYPES = YES;
				CLANG_WARN_SUSPICIOUS_MOVE = YES;
				CLANG_WARN_UNGUARDED_AVAILABILITY = YES_AGGRESSIVE;
				CLANG_WARN_UNREACHABLE_CODE = YES;
				CLANG_WARN__DUPLICATE_METHOD_MATCH = YES;
				COPY_PHASE_STRIP = NO;
				DEBUG_INFORMATION_FORMAT = dwarf;
				ENABLE_STRICT_OBJC_MSGSEND = YES;
				ENABLE_TESTABILITY = YES;
				ENABLE_USER_SCRIPT_SANDBOXING = YES;
				GCC_C_LANGUAGE_STANDARD = gnu17;
				GCC_DYNAMIC_NO_PIC = NO;
				GCC_NO_COMMON_BLOCKS = YES;
				GCC_OPTIMIZATION_LEVEL = 0;
				GCC_PREPROCESSOR_DEFINITIONS = (
					"DEBUG=1",
					"$(inherited)",
				);
				GCC_WARN_64_TO_32_BIT_CONVERSION = YES;
				GCC_WARN_ABOUT_RETURN_TYPE = YES_ERROR;
				GCC_WARN_UNDECLARED_SELECTOR = YES;
				GCC_WARN_UNINITIALIZED_AUTOS = YES_AGGRESSIVE;
				GCC_WARN_UNUSED_FUNCTION = YES;
				GCC_WARN_UNUSED_VARIABLE = YES;
				IPHONEOS_DEPLOYMENT_TARGET = 17.4;
				LOCALIZATION_PREFERS_STRING_CATALOGS = YES;
				MTL_ENABLE_DEBUG_INFO = INCLUDE_SOURCE;
				MTL_FAST_MATH = YES;
				ONLY_ACTIVE_ARCH = YES;
				SDKROOT = iphoneos;
				SWIFT_ACTIVE_COMPILATION_CONDITIONS = "DEBUG $(inherited)";
				SWIFT_OPTIMIZATION_LEVEL = "-Onone";
			};
			name = Debug;
		};
		01FF372C2C3E8FFF004F5F3A /* Release */ = {
			isa = XCBuildConfiguration;
			buildSettings = {
				ALWAYS_SEARCH_USER_PATHS = NO;
				ASSETCATALOG_COMPILER_GENERATE_SWIFT_ASSET_SYMBOL_EXTENSIONS = YES;
				CLANG_ANALYZER_NONNULL = YES;
				CLANG_ANALYZER_NUMBER_OBJECT_CONVERSION = YES_AGGRESSIVE;
				CLANG_CXX_LANGUAGE_STANDARD = "gnu++20";
				CLANG_ENABLE_MODULES = YES;
				CLANG_ENABLE_OBJC_ARC = YES;
				CLANG_ENABLE_OBJC_WEAK = YES;
				CLANG_WARN_BLOCK_CAPTURE_AUTORELEASING = YES;
				CLANG_WARN_BOOL_CONVERSION = YES;
				CLANG_WARN_COMMA = YES;
				CLANG_WARN_CONSTANT_CONVERSION = YES;
				CLANG_WARN_DEPRECATED_OBJC_IMPLEMENTATIONS = YES;
				CLANG_WARN_DIRECT_OBJC_ISA_USAGE = YES_ERROR;
				CLANG_WARN_DOCUMENTATION_COMMENTS = YES;
				CLANG_WARN_EMPTY_BODY = YES;
				CLANG_WARN_ENUM_CONVERSION = YES;
				CLANG_WARN_INFINITE_RECURSION = YES;
				CLANG_WARN_INT_CONVERSION = YES;
				CLANG_WARN_NON_LITERAL_NULL_CONVERSION = YES;
				CLANG_WARN_OBJC_IMPLICIT_RETAIN_SELF = YES;
				CLANG_WARN_OBJC_LITERAL_CONVERSION = YES;
				CLANG_WARN_OBJC_ROOT_CLASS = YES_ERROR;
				CLANG_WARN_QUOTED_INCLUDE_IN_FRAMEWORK_HEADER = YES;
				CLANG_WARN_RANGE_LOOP_ANALYSIS = YES;
				CLANG_WARN_STRICT_PROTOTYPES = YES;
				CLANG_WARN_SUSPICIOUS_MOVE = YES;
				CLANG_WARN_UNGUARDED_AVAILABILITY = YES_AGGRESSIVE;
				CLANG_WARN_UNREACHABLE_CODE = YES;
				CLANG_WARN__DUPLICATE_METHOD_MATCH = YES;
				COPY_PHASE_STRIP = NO;
				DEBUG_INFORMATION_FORMAT = "dwarf-with-dsym";
				ENABLE_NS_ASSERTIONS = NO;
				ENABLE_STRICT_OBJC_MSGSEND = YES;
				ENABLE_USER_SCRIPT_SANDBOXING = YES;
				GCC_C_LANGUAGE_STANDARD = gnu17;
				GCC_NO_COMMON_BLOCKS = YES;
				GCC_WARN_64_TO_32_BIT_CONVERSION = YES;
				GCC_WARN_ABOUT_RETURN_TYPE = YES_ERROR;
				GCC_WARN_UNDECLARED_SELECTOR = YES;
				GCC_WARN_UNINITIALIZED_AUTOS = YES_AGGRESSIVE;
				GCC_WARN_UNUSED_FUNCTION = YES;
				GCC_WARN_UNUSED_VARIABLE = YES;
				IPHONEOS_DEPLOYMENT_TARGET = 17.4;
				LOCALIZATION_PREFERS_STRING_CATALOGS = YES;
				MTL_ENABLE_DEBUG_INFO = NO;
				MTL_FAST_MATH = YES;
				SDKROOT = iphoneos;
				SWIFT_COMPILATION_MODE = wholemodule;
				VALIDATE_PRODUCT = YES;
			};
			name = Release;
		};
		01FF372E2C3E8FFF004F5F3A /* Debug */ = {
			isa = XCBuildConfiguration;
			buildSettings = {
				ASSETCATALOG_COMPILER_APPICON_NAME = AppIcon;
				ASSETCATALOG_COMPILER_GLOBAL_ACCENT_COLOR_NAME = AccentColor;
				CODE_SIGN_STYLE = Automatic;
				CURRENT_PROJECT_VERSION = 1;
				DEVELOPMENT_TEAM = 7S6PH8TVFD;
				GENERATE_INFOPLIST_FILE = YES;
				INFOPLIST_FILE = OpenWeatherMVVM/Info.plist;
				INFOPLIST_KEY_UIApplicationSupportsIndirectInputEvents = YES;
				INFOPLIST_KEY_UILaunchStoryboardName = LaunchScreen;
				INFOPLIST_KEY_UISupportedInterfaceOrientations = UIInterfaceOrientationPortrait;
				INFOPLIST_KEY_UISupportedInterfaceOrientations_iPad = "UIInterfaceOrientationLandscapeLeft UIInterfaceOrientationLandscapeRight UIInterfaceOrientationPortrait UIInterfaceOrientationPortraitUpsideDown";
				LD_RUNPATH_SEARCH_PATHS = (
					"$(inherited)",
					"@executable_path/Frameworks",
				);
				MARKETING_VERSION = 1.0;
				PRODUCT_BUNDLE_IDENTIFIER = com.seokho.OpenWeatherMVVM;
				PRODUCT_NAME = "$(TARGET_NAME)";
				SUPPORTED_PLATFORMS = "iphoneos iphonesimulator";
				SUPPORTS_MACCATALYST = NO;
				SUPPORTS_MAC_DESIGNED_FOR_IPHONE_IPAD = NO;
				SUPPORTS_XR_DESIGNED_FOR_IPHONE_IPAD = NO;
				SWIFT_EMIT_LOC_STRINGS = YES;
				SWIFT_VERSION = 5.0;
				TARGETED_DEVICE_FAMILY = 1;
			};
			name = Debug;
		};
		01FF372F2C3E8FFF004F5F3A /* Release */ = {
			isa = XCBuildConfiguration;
			buildSettings = {
				ASSETCATALOG_COMPILER_APPICON_NAME = AppIcon;
				ASSETCATALOG_COMPILER_GLOBAL_ACCENT_COLOR_NAME = AccentColor;
				CODE_SIGN_STYLE = Automatic;
				CURRENT_PROJECT_VERSION = 1;
				DEVELOPMENT_TEAM = 7S6PH8TVFD;
				GENERATE_INFOPLIST_FILE = YES;
				INFOPLIST_FILE = OpenWeatherMVVM/Info.plist;
				INFOPLIST_KEY_UIApplicationSupportsIndirectInputEvents = YES;
				INFOPLIST_KEY_UILaunchStoryboardName = LaunchScreen;
				INFOPLIST_KEY_UISupportedInterfaceOrientations = UIInterfaceOrientationPortrait;
				INFOPLIST_KEY_UISupportedInterfaceOrientations_iPad = "UIInterfaceOrientationLandscapeLeft UIInterfaceOrientationLandscapeRight UIInterfaceOrientationPortrait UIInterfaceOrientationPortraitUpsideDown";
				LD_RUNPATH_SEARCH_PATHS = (
					"$(inherited)",
					"@executable_path/Frameworks",
				);
				MARKETING_VERSION = 1.0;
				PRODUCT_BUNDLE_IDENTIFIER = com.seokho.OpenWeatherMVVM;
				PRODUCT_NAME = "$(TARGET_NAME)";
				SUPPORTED_PLATFORMS = "iphoneos iphonesimulator";
				SUPPORTS_MACCATALYST = NO;
				SUPPORTS_MAC_DESIGNED_FOR_IPHONE_IPAD = NO;
				SUPPORTS_XR_DESIGNED_FOR_IPHONE_IPAD = NO;
				SWIFT_EMIT_LOC_STRINGS = YES;
				SWIFT_VERSION = 5.0;
				TARGETED_DEVICE_FAMILY = 1;
			};
			name = Release;
		};
/* End XCBuildConfiguration section */

/* Begin XCConfigurationList section */
		01FF37142C3E8FFE004F5F3A /* Build configuration list for PBXProject "OpenWeatherMVVM" */ = {
			isa = XCConfigurationList;
			buildConfigurations = (
				01FF372B2C3E8FFF004F5F3A /* Debug */,
				01FF372C2C3E8FFF004F5F3A /* Release */,
			);
			defaultConfigurationIsVisible = 0;
			defaultConfigurationName = Release;
		};
		01FF372D2C3E8FFF004F5F3A /* Build configuration list for PBXNativeTarget "OpenWeatherMVVM" */ = {
			isa = XCConfigurationList;
			buildConfigurations = (
				01FF372E2C3E8FFF004F5F3A /* Debug */,
				01FF372F2C3E8FFF004F5F3A /* Release */,
			);
			defaultConfigurationIsVisible = 0;
			defaultConfigurationName = Release;
		};
/* End XCConfigurationList section */

/* Begin XCRemoteSwiftPackageReference section */
		01FF37402C3E9872004F5F3A /* XCRemoteSwiftPackageReference "Alamofire" */ = {
			isa = XCRemoteSwiftPackageReference;
			repositoryURL = "https://github.com/Alamofire/Alamofire.git";
			requirement = {
				kind = upToNextMajorVersion;
				minimumVersion = 5.9.1;
			};
		};
		01FF37432C3E987E004F5F3A /* XCRemoteSwiftPackageReference "SnapKit" */ = {
			isa = XCRemoteSwiftPackageReference;
			repositoryURL = "https://github.com/SnapKit/SnapKit";
			requirement = {
				kind = upToNextMajorVersion;
				minimumVersion = 5.7.1;
			};
		};
		01FF37682C427257004F5F3A /* XCRemoteSwiftPackageReference "Kingfisher" */ = {
			isa = XCRemoteSwiftPackageReference;
			repositoryURL = "https://github.com/onevcat/Kingfisher.git";
			requirement = {
				kind = upToNextMajorVersion;
				minimumVersion = 7.12.0;
			};
		};
/* End XCRemoteSwiftPackageReference section */

/* Begin XCSwiftPackageProductDependency section */
		01FF37412C3E9872004F5F3A /* Alamofire */ = {
			isa = XCSwiftPackageProductDependency;
			package = 01FF37402C3E9872004F5F3A /* XCRemoteSwiftPackageReference "Alamofire" */;
			productName = Alamofire;
		};
		01FF37442C3E987E004F5F3A /* SnapKit */ = {
			isa = XCSwiftPackageProductDependency;
			package = 01FF37432C3E987E004F5F3A /* XCRemoteSwiftPackageReference "SnapKit" */;
			productName = SnapKit;
		};
		01FF37692C427257004F5F3A /* Kingfisher */ = {
			isa = XCSwiftPackageProductDependency;
			package = 01FF37682C427257004F5F3A /* XCRemoteSwiftPackageReference "Kingfisher" */;
			productName = Kingfisher;
		};
/* End XCSwiftPackageProductDependency section */
	};
	rootObject = 01FF37112C3E8FFE004F5F3A /* Project object */;
}
